
Microsoft Visual Studio Solution File, Format Version 12.00
# Visual Studio Version 17
VisualStudioVersion = 17.4.33020.496
MinimumVisualStudioVersion = 10.0.40219.1
Project("{9A19103F-16F7-4668-BE54-9A1E7A4F7556}") = "Market.IdentetyServer", "WebApplication1\Market.IdentetyServer.csproj", "{60EBF46C-22E7-4BD0-AF8D-FAAFA5544F3B}"
EndProject
Project("{9A19103F-16F7-4668-BE54-9A1E7A4F7556}") = "Market.IdentetyServer.Entities", "Portal.Identety.Entities\Market.IdentetyServer.Entities.csproj", "{2EF2A3DC-8805-450C-8CF0-CA2B031C9EC0}"
EndProject
Project("{2150E333-8FDC-42A3-9474-1A3956D46DE8}") = "Libs", "Libs", "{8E585BCE-ABE2-4252-862E-52083717934F}"
EndProject
Project("{9A19103F-16F7-4668-BE54-9A1E7A4F7556}") = "Market.IdentetyServer.Logic", "Portal.Identety.Logic\Market.IdentetyServer.Logic.csproj", "{AA525BFE-C17C-42FA-A7E9-8BB0D4CA8E86}"
EndProject
Project("{9A19103F-16F7-4668-BE54-9A1E7A4F7556}") = "Portal.ConfigLib", "Portal.ConfigLib\Portal.ConfigLib.csproj", "{440D5D33-FD64-407E-851E-54C9B29571C7}"
EndProject
Global
	GlobalSection(SolutionConfigurationPlatforms) = preSolution
		Debug|Any CPU = Debug|Any CPU
		Release|Any CPU = Release|Any CPU
	EndGlobalSection
	GlobalSection(ProjectConfigurationPlatforms) = postSolution
		{60EBF46C-22E7-4BD0-AF8D-FAAFA5544F3B}.Debug|Any CPU.ActiveCfg = Debug|Any CPU
		{60EBF46C-22E7-4BD0-AF8D-FAAFA5544F3B}.Debug|Any CPU.Build.0 = Debug|Any CPU
		{60EBF46C-22E7-4BD0-AF8D-FAAFA5544F3B}.Release|Any CPU.ActiveCfg = Release|Any CPU
		{60EBF46C-22E7-4BD0-AF8D-FAAFA5544F3B}.Release|Any CPU.Build.0 = Release|Any CPU
		{2EF2A3DC-8805-450C-8CF0-CA2B031C9EC0}.Debug|Any CPU.ActiveCfg = Debug|Any CPU
		{2EF2A3DC-8805-450C-8CF0-CA2B031C9EC0}.Debug|Any CPU.Build.0 = Debug|Any CPU
		{2EF2A3DC-8805-450C-8CF0-CA2B031C9EC0}.Release|Any CPU.ActiveCfg = Release|Any CPU
		{2EF2A3DC-8805-450C-8CF0-CA2B031C9EC0}.Release|Any CPU.Build.0 = Release|Any CPU
		{AA525BFE-C17C-42FA-A7E9-8BB0D4CA8E86}.Debug|Any CPU.ActiveCfg = Debug|Any CPU
		{AA525BFE-C17C-42FA-A7E9-8BB0D4CA8E86}.Debug|Any CPU.Build.0 = Debug|Any CPU
		{AA525BFE-C17C-42FA-A7E9-8BB0D4CA8E86}.Release|Any CPU.ActiveCfg = Release|Any CPU
		{AA525BFE-C17C-42FA-A7E9-8BB0D4CA8E86}.Release|Any CPU.Build.0 = Release|Any CPU
		{440D5D33-FD64-407E-851E-54C9B29571C7}.Debug|Any CPU.ActiveCfg = Debug|Any CPU
		{440D5D33-FD64-407E-851E-54C9B29571C7}.Debug|Any CPU.Build.0 = Debug|Any CPU
		{440D5D33-FD64-407E-851E-54C9B29571C7}.Release|Any CPU.ActiveCfg = Release|Any CPU
		{440D5D33-FD64-407E-851E-54C9B29571C7}.Release|Any CPU.Build.0 = Release|Any CPU
	EndGlobalSection
	GlobalSection(SolutionProperties) = preSolution
		HideSolutionNode = FALSE
	EndGlobalSection
	GlobalSection(NestedProjects) = preSolution
		{440D5D33-FD64-407E-851E-54C9B29571C7} = {8E585BCE-ABE2-4252-862E-52083717934F}
	EndGlobalSection
	GlobalSection(ExtensibilityGlobals) = postSolution
		SolutionGuid = {6A2573EC-42D4-4325-B443-3AF6CF32B196}
	EndGlobalSection
EndGlobal
